
Microsoft Visual Studio Solution File, Format Version 12.00
# Visual Studio Version 17
VisualStudioVersion = 17.5.002.0
MinimumVisualStudioVersion = 10.0.40219.1
Project("{2150E333-8FDC-42A3-9474-1A3956D46DE8}") = "src", "src", "{2213BFDE-9726-4449-9CCC-5A6C1A9405DC}"
EndProject
Project("{9A19103F-16F7-4668-BE54-9A1E7A4F7556}") = "EdcHost", "src\EdcHost\EdcHost.csproj", "{B729E817-FA6A-4B2E-BE3D-FEED4182B586}"
EndProject
Project("{9A19103F-16F7-4668-BE54-9A1E7A4F7556}") = "EdcHost.Tests", "src\EdcHost.Tests\EdcHost.Tests.csproj", "{AD90F2D8-BB61-41B8-8C9C-A756EF257FD2}"
EndProject
Global
	GlobalSection(SolutionConfigurationPlatforms) = preSolution
		Debug|Any CPU = Debug|Any CPU
		Release|Any CPU = Release|Any CPU
	EndGlobalSection
	GlobalSection(ProjectConfigurationPlatforms) = postSolution
		{B729E817-FA6A-4B2E-BE3D-FEED4182B586}.Debug|Any CPU.ActiveCfg = Debug|Any CPU
		{B729E817-FA6A-4B2E-BE3D-FEED4182B586}.Debug|Any CPU.Build.0 = Debug|Any CPU
		{B729E817-FA6A-4B2E-BE3D-FEED4182B586}.Release|Any CPU.ActiveCfg = Release|Any CPU
		{B729E817-FA6A-4B2E-BE3D-FEED4182B586}.Release|Any CPU.Build.0 = Release|Any CPU
		{AD90F2D8-BB61-41B8-8C9C-A756EF257FD2}.Debug|Any CPU.ActiveCfg = Debug|Any CPU
		{AD90F2D8-BB61-41B8-8C9C-A756EF257FD2}.Debug|Any CPU.Build.0 = Debug|Any CPU
		{AD90F2D8-BB61-41B8-8C9C-A756EF257FD2}.Release|Any CPU.ActiveCfg = Release|Any CPU
		{AD90F2D8-BB61-41B8-8C9C-A756EF257FD2}.Release|Any CPU.Build.0 = Release|Any CPU
	EndGlobalSection
	GlobalSection(SolutionProperties) = preSolution
		HideSolutionNode = FALSE
	EndGlobalSection
	GlobalSection(NestedProjects) = preSolution
		{B729E817-FA6A-4B2E-BE3D-FEED4182B586} = {2213BFDE-9726-4449-9CCC-5A6C1A9405DC}
		{AD90F2D8-BB61-41B8-8C9C-A756EF257FD2} = {2213BFDE-9726-4449-9CCC-5A6C1A9405DC}
	EndGlobalSection
	GlobalSection(ExtensibilityGlobals) = postSolution
		SolutionGuid = {36266B2F-0790-4D6C-A715-3E2446240964}
	EndGlobalSection
EndGlobal
